
Microsoft Visual Studio Solution File, Format Version 12.00
# Visual Studio Version 16
VisualStudioVersion = 16.0.31911.196
MinimumVisualStudioVersion = 10.0.40219.1
Project("{FAE04EC0-301F-11D3-BF4B-00C04F79EFBC}") = "GrammarChecker", "GrammarChecker\GrammarChecker.csproj", "{9CEFFE6F-C7BC-4293-A07A-59C276A835A3}"
EndProject
Global
	GlobalSection(SolutionConfigurationPlatforms) = preSolution
		Debug|Any CPU = Debug|Any CPU
		Release|Any CPU = Release|Any CPU
	EndGlobalSection
	GlobalSection(ProjectConfigurationPlatforms) = postSolution
		{9CEFFE6F-C7BC-4293-A07A-59C276A835A3}.Debug|Any CPU.ActiveCfg = Debug|Any CPU
		{9CEFFE6F-C7BC-4293-A07A-59C276A835A3}.Debug|Any CPU.Build.0 = Debug|Any CPU
		{9CEFFE6F-C7BC-4293-A07A-59C276A835A3}.Release|Any CPU.ActiveCfg = Release|Any CPU
		{9CEFFE6F-C7BC-4293-A07A-59C276A835A3}.Release|Any CPU.Build.0 = Release|Any CPU
	EndGlobalSection
	GlobalSection(SolutionProperties) = preSolution
		HideSolutionNode = FALSE
	EndGlobalSection
	GlobalSection(ExtensibilityGlobals) = postSolution
		SolutionGuid = {EBAD314B-F799-4C35-862F-D5B8ABC2D5E6}
	EndGlobalSection
EndGlobal
